
Microsoft Visual Studio Solution File, Format Version 12.00
# Visual Studio Version 17
VisualStudioVersion = 17.8.34322.80
MinimumVisualStudioVersion = 10.0.40219.1
Project("{FAE04EC0-301F-11D3-BF4B-00C04F79EFBC}") = "KursachProject", "KursachProject\KursachProject.csproj", "{D4FD393E-93A4-44B0-A2AC-A4122BBC5D6B}"
EndProject
Global
	GlobalSection(SolutionConfigurationPlatforms) = preSolution
		Debug|Any CPU = Debug|Any CPU
		Release|Any CPU = Release|Any CPU
	EndGlobalSection
	GlobalSection(ProjectConfigurationPlatforms) = postSolution
		{D4FD393E-93A4-44B0-A2AC-A4122BBC5D6B}.Debug|Any CPU.ActiveCfg = Debug|Any CPU
		{D4FD393E-93A4-44B0-A2AC-A4122BBC5D6B}.Debug|Any CPU.Build.0 = Debug|Any CPU
		{D4FD393E-93A4-44B0-A2AC-A4122BBC5D6B}.Release|Any CPU.ActiveCfg = Release|Any CPU
		{D4FD393E-93A4-44B0-A2AC-A4122BBC5D6B}.Release|Any CPU.Build.0 = Release|Any CPU
	EndGlobalSection
	GlobalSection(SolutionProperties) = preSolution
		HideSolutionNode = FALSE
	EndGlobalSection
	GlobalSection(ExtensibilityGlobals) = postSolution
		SolutionGuid = {8B9599E0-3A4D-45BC-BC7E-BBFB2167A7AF}
	EndGlobalSection
EndGlobal
